
Microsoft Visual Studio Solution File, Format Version 12.00
# Visual Studio 14
VisualStudioVersion = 14.0.24720.0
MinimumVisualStudioVersion = 10.0.40219.1
Project("{FAE04EC0-301F-11D3-BF4B-00C04F79EFBC}") = "App1.Droid", "App1\App1.Droid\App1.Droid.csproj", "{68F11860-4759-41C5-9479-AAFF9FDEDF2A}"
EndProject
Project("{FAE04EC0-301F-11D3-BF4B-00C04F79EFBC}") = "App1.iOS", "App1\App1.iOS\App1.iOS.csproj", "{5FB9D13F-EDF7-4EA0-9B46-479A4734A90F}"
EndProject
Project("{FAE04EC0-301F-11D3-BF4B-00C04F79EFBC}") = "App1.WinPhone", "App1\App1.WinPhone\App1.WinPhone.csproj", "{1D01578A-5E53-4503-9EB9-3756D26D2C83}"
EndProject
Project("{FAE04EC0-301F-11D3-BF4B-00C04F79EFBC}") = "App1.Windows", "App1\App1.Windows\App1.Windows.csproj", "{20C451FE-1725-43CE-82C1-E1A28986A784}"
EndProject
Project("{FAE04EC0-301F-11D3-BF4B-00C04F79EFBC}") = "App1", "App1\App1\App1.csproj", "{FC1AD343-6099-498E-A383-070EDC5FF060}"
EndProject
Global
	GlobalSection(SolutionConfigurationPlatforms) = preSolution
		Ad-Hoc|Any CPU = Ad-Hoc|Any CPU
		Ad-Hoc|ARM = Ad-Hoc|ARM
		Ad-Hoc|iPhone = Ad-Hoc|iPhone
		Ad-Hoc|iPhoneSimulator = Ad-Hoc|iPhoneSimulator
		Ad-Hoc|x64 = Ad-Hoc|x64
		Ad-Hoc|x86 = Ad-Hoc|x86
		AppStore|Any CPU = AppStore|Any CPU
		AppStore|ARM = AppStore|ARM
		AppStore|iPhone = AppStore|iPhone
		AppStore|iPhoneSimulator = AppStore|iPhoneSimulator
		AppStore|x64 = AppStore|x64
		AppStore|x86 = AppStore|x86
		Debug|Any CPU = Debug|Any CPU
		Debug|ARM = Debug|ARM
		Debug|iPhone = Debug|iPhone
		Debug|iPhoneSimulator = Debug|iPhoneSimulator
		Debug|x64 = Debug|x64
		Debug|x86 = Debug|x86
		Release|Any CPU = Release|Any CPU
		Release|ARM = Release|ARM
		Release|iPhone = Release|iPhone
		Release|iPhoneSimulator = Release|iPhoneSimulator
		Release|x64 = Release|x64
		Release|x86 = Release|x86
	EndGlobalSection
	GlobalSection(ProjectConfigurationPlatforms) = postSolution
		{68F11860-4759-41C5-9479-AAFF9FDEDF2A}.Ad-Hoc|Any CPU.ActiveCfg = Release|Any CPU
		{68F11860-4759-41C5-9479-AAFF9FDEDF2A}.Ad-Hoc|Any CPU.Build.0 = Release|Any CPU
		{68F11860-4759-41C5-9479-AAFF9FDEDF2A}.Ad-Hoc|Any CPU.Deploy.0 = Release|Any CPU
		{68F11860-4759-41C5-9479-AAFF9FDEDF2A}.Ad-Hoc|ARM.ActiveCfg = Release|Any CPU
		{68F11860-4759-41C5-9479-AAFF9FDEDF2A}.Ad-Hoc|ARM.Build.0 = Release|Any CPU
		{68F11860-4759-41C5-9479-AAFF9FDEDF2A}.Ad-Hoc|ARM.Deploy.0 = Release|Any CPU
		{68F11860-4759-41C5-9479-AAFF9FDEDF2A}.Ad-Hoc|iPhone.ActiveCfg = Release|Any CPU
		{68F11860-4759-41C5-9479-AAFF9FDEDF2A}.Ad-Hoc|iPhone.Build.0 = Release|Any CPU
		{68F11860-4759-41C5-9479-AAFF9FDEDF2A}.Ad-Hoc|iPhone.Deploy.0 = Release|Any CPU
		{68F11860-4759-41C5-9479-AAFF9FDEDF2A}.Ad-Hoc|iPhoneSimulator.ActiveCfg = Release|Any CPU
		{68F11860-4759-41C5-9479-AAFF9FDEDF2A}.Ad-Hoc|iPhoneSimulator.Build.0 = Release|Any CPU
		{68F11860-4759-41C5-9479-AAFF9FDEDF2A}.Ad-Hoc|iPhoneSimulator.Deploy.0 = Release|Any CPU
		{68F11860-4759-41C5-9479-AAFF9FDEDF2A}.Ad-Hoc|x64.ActiveCfg = Release|Any CPU
		{68F11860-4759-41C5-9479-AAFF9FDEDF2A}.Ad-Hoc|x64.Build.0 = Release|Any CPU
		{68F11860-4759-41C5-9479-AAFF9FDEDF2A}.Ad-Hoc|x64.Deploy.0 = Release|Any CPU
		{68F11860-4759-41C5-9479-AAFF9FDEDF2A}.Ad-Hoc|x86.ActiveCfg = Release|Any CPU
		{68F11860-4759-41C5-9479-AAFF9FDEDF2A}.Ad-Hoc|x86.Build.0 = Release|Any CPU
		{68F11860-4759-41C5-9479-AAFF9FDEDF2A}.Ad-Hoc|x86.Deploy.0 = Release|Any CPU
		{68F11860-4759-41C5-9479-AAFF9FDEDF2A}.AppStore|Any CPU.ActiveCfg = Release|Any CPU
		{68F11860-4759-41C5-9479-AAFF9FDEDF2A}.AppStore|Any CPU.Build.0 = Release|Any CPU
		{68F11860-4759-41C5-9479-AAFF9FDEDF2A}.AppStore|Any CPU.Deploy.0 = Release|Any CPU
		{68F11860-4759-41C5-9479-AAFF9FDEDF2A}.AppStore|ARM.ActiveCfg = Release|Any CPU
		{68F11860-4759-41C5-9479-AAFF9FDEDF2A}.AppStore|ARM.Build.0 = Release|Any CPU
		{68F11860-4759-41C5-9479-AAFF9FDEDF2A}.AppStore|ARM.Deploy.0 = Release|Any CPU
		{68F11860-4759-41C5-9479-AAFF9FDEDF2A}.AppStore|iPhone.ActiveCfg = Release|Any CPU
		{68F11860-4759-41C5-9479-AAFF9FDEDF2A}.AppStore|iPhone.Build.0 = Release|Any CPU
		{68F11860-4759-41C5-9479-AAFF9FDEDF2A}.AppStore|iPhone.Deploy.0 = Release|Any CPU
		{68F11860-4759-41C5-9479-AAFF9FDEDF2A}.AppStore|iPhoneSimulator.ActiveCfg = Release|Any CPU
		{68F11860-4759-41C5-9479-AAFF9FDEDF2A}.AppStore|iPhoneSimulator.Build.0 = Release|Any CPU
		{68F11860-4759-41C5-9479-AAFF9FDEDF2A}.AppStore|iPhoneSimulator.Deploy.0 = Release|Any CPU
		{68F11860-4759-41C5-9479-AAFF9FDEDF2A}.AppStore|x64.ActiveCfg = Release|Any CPU
		{68F11860-4759-41C5-9479-AAFF9FDEDF2A}.AppStore|x64.Build.0 = Release|Any CPU
		{68F11860-4759-41C5-9479-AAFF9FDEDF2A}.AppStore|x64.Deploy.0 = Release|Any CPU
		{68F11860-4759-41C5-9479-AAFF9FDEDF2A}.AppStore|x86.ActiveCfg = Release|Any CPU
		{68F11860-4759-41C5-9479-AAFF9FDEDF2A}.AppStore|x86.Build.0 = Release|Any CPU
		{68F11860-4759-41C5-9479-AAFF9FDEDF2A}.AppStore|x86.Deploy.0 = Release|Any CPU
		{68F11860-4759-41C5-9479-AAFF9FDEDF2A}.Debug|Any CPU.ActiveCfg = Debug|Any CPU
		{68F11860-4759-41C5-9479-AAFF9FDEDF2A}.Debug|Any CPU.Build.0 = Debug|Any CPU
		{68F11860-4759-41C5-9479-AAFF9FDEDF2A}.Debug|Any CPU.Deploy.0 = Debug|Any CPU
		{68F11860-4759-41C5-9479-AAFF9FDEDF2A}.Debug|ARM.ActiveCfg = Debug|Any CPU
		{68F11860-4759-41C5-9479-AAFF9FDEDF2A}.Debug|ARM.Build.0 = Debug|Any CPU
		{68F11860-4759-41C5-9479-AAFF9FDEDF2A}.Debug|ARM.Deploy.0 = Debug|Any CPU
		{68F11860-4759-41C5-9479-AAFF9FDEDF2A}.Debug|iPhone.ActiveCfg = Debug|Any CPU
		{68F11860-4759-41C5-9479-AAFF9FDEDF2A}.Debug|iPhone.Build.0 = Debug|Any CPU
		{68F11860-4759-41C5-9479-AAFF9FDEDF2A}.Debug|iPhone.Deploy.0 = Debug|Any CPU
		{68F11860-4759-41C5-9479-AAFF9FDEDF2A}.Debug|iPhoneSimulator.ActiveCfg = Debug|Any CPU
		{68F11860-4759-41C5-9479-AAFF9FDEDF2A}.Debug|iPhoneSimulator.Build.0 = Debug|Any CPU
		{68F11860-4759-41C5-9479-AAFF9FDEDF2A}.Debug|iPhoneSimulator.Deploy.0 = Debug|Any CPU
		{68F11860-4759-41C5-9479-AAFF9FDEDF2A}.Debug|x64.ActiveCfg = Debug|Any CPU
		{68F11860-4759-41C5-9479-AAFF9FDEDF2A}.Debug|x64.Build.0 = Debug|Any CPU
		{68F11860-4759-41C5-9479-AAFF9FDEDF2A}.Debug|x64.Deploy.0 = Debug|Any CPU
		{68F11860-4759-41C5-9479-AAFF9FDEDF2A}.Debug|x86.ActiveCfg = Debug|Any CPU
		{68F11860-4759-41C5-9479-AAFF9FDEDF2A}.Debug|x86.Build.0 = Debug|Any CPU
		{68F11860-4759-41C5-9479-AAFF9FDEDF2A}.Debug|x86.Deploy.0 = Debug|Any CPU
		{68F11860-4759-41C5-9479-AAFF9FDEDF2A}.Release|Any CPU.ActiveCfg = Release|Any CPU
		{68F11860-4759-41C5-9479-AAFF9FDEDF2A}.Release|Any CPU.Build.0 = Release|Any CPU
		{68F11860-4759-41C5-9479-AAFF9FDEDF2A}.Release|Any CPU.Deploy.0 = Release|Any CPU
		{68F11860-4759-41C5-9479-AAFF9FDEDF2A}.Release|ARM.ActiveCfg = Release|Any CPU
		{68F11860-4759-41C5-9479-AAFF9FDEDF2A}.Release|ARM.Build.0 = Release|Any CPU
		{68F11860-4759-41C5-9479-AAFF9FDEDF2A}.Release|ARM.Deploy.0 = Release|Any CPU
		{68F11860-4759-41C5-9479-AAFF9FDEDF2A}.Release|iPhone.ActiveCfg = Release|Any CPU
		{68F11860-4759-41C5-9479-AAFF9FDEDF2A}.Release|iPhone.Build.0 = Release|Any CPU
		{68F11860-4759-41C5-9479-AAFF9FDEDF2A}.Release|iPhone.Deploy.0 = Release|Any CPU
		{68F11860-4759-41C5-9479-AAFF9FDEDF2A}.Release|iPhoneSimulator.ActiveCfg = Release|Any CPU
		{68F11860-4759-41C5-9479-AAFF9FDEDF2A}.Release|iPhoneSimulator.Build.0 = Release|Any CPU
		{68F11860-4759-41C5-9479-AAFF9FDEDF2A}.Release|iPhoneSimulator.Deploy.0 = Release|Any CPU
		{68F11860-4759-41C5-9479-AAFF9FDEDF2A}.Release|x64.ActiveCfg = Release|Any CPU
		{68F11860-4759-41C5-9479-AAFF9FDEDF2A}.Release|x64.Build.0 = Release|Any CPU
		{68F11860-4759-41C5-9479-AAFF9FDEDF2A}.Release|x64.Deploy.0 = Release|Any CPU
		{68F11860-4759-41C5-9479-AAFF9FDEDF2A}.Release|x86.ActiveCfg = Release|Any CPU
		{68F11860-4759-41C5-9479-AAFF9FDEDF2A}.Release|x86.Build.0 = Release|Any CPU
		{68F11860-4759-41C5-9479-AAFF9FDEDF2A}.Release|x86.Deploy.0 = Release|Any CPU
		{5FB9D13F-EDF7-4EA0-9B46-479A4734A90F}.Ad-Hoc|Any CPU.ActiveCfg = Ad-Hoc|iPhone
		{5FB9D13F-EDF7-4EA0-9B46-479A4734A90F}.Ad-Hoc|ARM.ActiveCfg = Ad-Hoc|iPhone
		{5FB9D13F-EDF7-4EA0-9B46-479A4734A90F}.Ad-Hoc|iPhone.ActiveCfg = Ad-Hoc|iPhone
		{5FB9D13F-EDF7-4EA0-9B46-479A4734A90F}.Ad-Hoc|iPhone.Build.0 = Ad-Hoc|iPhone
		{5FB9D13F-EDF7-4EA0-9B46-479A4734A90F}.Ad-Hoc|iPhoneSimulator.ActiveCfg = Ad-Hoc|iPhoneSimulator
		{5FB9D13F-EDF7-4EA0-9B46-479A4734A90F}.Ad-Hoc|iPhoneSimulator.Build.0 = Ad-Hoc|iPhoneSimulator
		{5FB9D13F-EDF7-4EA0-9B46-479A4734A90F}.Ad-Hoc|x64.ActiveCfg = Ad-Hoc|iPhone
		{5FB9D13F-EDF7-4EA0-9B46-479A4734A90F}.Ad-Hoc|x86.ActiveCfg = Ad-Hoc|iPhone
		{5FB9D13F-EDF7-4EA0-9B46-479A4734A90F}.AppStore|Any CPU.ActiveCfg = AppStore|iPhone
		{5FB9D13F-EDF7-4EA0-9B46-479A4734A90F}.AppStore|ARM.ActiveCfg = AppStore|iPhone
		{5FB9D13F-EDF7-4EA0-9B46-479A4734A90F}.AppStore|iPhone.ActiveCfg = AppStore|iPhone
		{5FB9D13F-EDF7-4EA0-9B46-479A4734A90F}.AppStore|iPhone.Build.0 = AppStore|iPhone
		{5FB9D13F-EDF7-4EA0-9B46-479A4734A90F}.AppStore|iPhoneSimulator.ActiveCfg = AppStore|iPhoneSimulator
		{5FB9D13F-EDF7-4EA0-9B46-479A4734A90F}.AppStore|iPhoneSimulator.Build.0 = AppStore|iPhoneSimulator
		{5FB9D13F-EDF7-4EA0-9B46-479A4734A90F}.AppStore|x64.ActiveCfg = AppStore|iPhone
		{5FB9D13F-EDF7-4EA0-9B46-479A4734A90F}.AppStore|x86.ActiveCfg = AppStore|iPhone
		{5FB9D13F-EDF7-4EA0-9B46-479A4734A90F}.Debug|Any CPU.ActiveCfg = Debug|iPhone
		{5FB9D13F-EDF7-4EA0-9B46-479A4734A90F}.Debug|ARM.ActiveCfg = Debug|iPhone
		{5FB9D13F-EDF7-4EA0-9B46-479A4734A90F}.Debug|iPhone.ActiveCfg = Debug|iPhone
		{5FB9D13F-EDF7-4EA0-9B46-479A4734A90F}.Debug|iPhone.Build.0 = Debug|iPhone
		{5FB9D13F-EDF7-4EA0-9B46-479A4734A90F}.Debug|iPhoneSimulator.ActiveCfg = Debug|iPhoneSimulator
		{5FB9D13F-EDF7-4EA0-9B46-479A4734A90F}.Debug|iPhoneSimulator.Build.0 = Debug|iPhoneSimulator
		{5FB9D13F-EDF7-4EA0-9B46-479A4734A90F}.Debug|x64.ActiveCfg = Debug|iPhone
		{5FB9D13F-EDF7-4EA0-9B46-479A4734A90F}.Debug|x86.ActiveCfg = Debug|iPhone
		{5FB9D13F-EDF7-4EA0-9B46-479A4734A90F}.Release|Any CPU.ActiveCfg = Release|iPhone
		{5FB9D13F-EDF7-4EA0-9B46-479A4734A90F}.Release|ARM.ActiveCfg = Release|iPhone
		{5FB9D13F-EDF7-4EA0-9B46-479A4734A90F}.Release|iPhone.ActiveCfg = Release|iPhone
		{5FB9D13F-EDF7-4EA0-9B46-479A4734A90F}.Release|iPhone.Build.0 = Release|iPhone
		{5FB9D13F-EDF7-4EA0-9B46-479A4734A90F}.Release|iPhoneSimulator.ActiveCfg = Release|iPhoneSimulator
		{5FB9D13F-EDF7-4EA0-9B46-479A4734A90F}.Release|iPhoneSimulator.Build.0 = Release|iPhoneSimulator
		{5FB9D13F-EDF7-4EA0-9B46-479A4734A90F}.Release|x64.ActiveCfg = Release|iPhone
		{5FB9D13F-EDF7-4EA0-9B46-479A4734A90F}.Release|x86.ActiveCfg = Release|iPhone
		{1D01578A-5E53-4503-9EB9-3756D26D2C83}.Ad-Hoc|Any CPU.ActiveCfg = Release|Any CPU
		{1D01578A-5E53-4503-9EB9-3756D26D2C83}.Ad-Hoc|Any CPU.Build.0 = Release|Any CPU
		{1D01578A-5E53-4503-9EB9-3756D26D2C83}.Ad-Hoc|Any CPU.Deploy.0 = Release|Any CPU
		{1D01578A-5E53-4503-9EB9-3756D26D2C83}.Ad-Hoc|ARM.ActiveCfg = Release|ARM
		{1D01578A-5E53-4503-9EB9-3756D26D2C83}.Ad-Hoc|ARM.Build.0 = Release|ARM
		{1D01578A-5E53-4503-9EB9-3756D26D2C83}.Ad-Hoc|ARM.Deploy.0 = Release|ARM
		{1D01578A-5E53-4503-9EB9-3756D26D2C83}.Ad-Hoc|iPhone.ActiveCfg = Release|Any CPU
		{1D01578A-5E53-4503-9EB9-3756D26D2C83}.Ad-Hoc|iPhone.Build.0 = Release|Any CPU
		{1D01578A-5E53-4503-9EB9-3756D26D2C83}.Ad-Hoc|iPhone.Deploy.0 = Release|Any CPU
		{1D01578A-5E53-4503-9EB9-3756D26D2C83}.Ad-Hoc|iPhoneSimulator.ActiveCfg = Release|Any CPU
		{1D01578A-5E53-4503-9EB9-3756D26D2C83}.Ad-Hoc|iPhoneSimulator.Build.0 = Release|Any CPU
		{1D01578A-5E53-4503-9EB9-3756D26D2C83}.Ad-Hoc|iPhoneSimulator.Deploy.0 = Release|Any CPU
		{1D01578A-5E53-4503-9EB9-3756D26D2C83}.Ad-Hoc|x64.ActiveCfg = Release|Any CPU
		{1D01578A-5E53-4503-9EB9-3756D26D2C83}.Ad-Hoc|x64.Build.0 = Release|Any CPU
		{1D01578A-5E53-4503-9EB9-3756D26D2C83}.Ad-Hoc|x64.Deploy.0 = Release|Any CPU
		{1D01578A-5E53-4503-9EB9-3756D26D2C83}.Ad-Hoc|x86.ActiveCfg = Release|x86
		{1D01578A-5E53-4503-9EB9-3756D26D2C83}.Ad-Hoc|x86.Build.0 = Release|x86
		{1D01578A-5E53-4503-9EB9-3756D26D2C83}.Ad-Hoc|x86.Deploy.0 = Release|x86
		{1D01578A-5E53-4503-9EB9-3756D26D2C83}.AppStore|Any CPU.ActiveCfg = Release|Any CPU
		{1D01578A-5E53-4503-9EB9-3756D26D2C83}.AppStore|Any CPU.Build.0 = Release|Any CPU
		{1D01578A-5E53-4503-9EB9-3756D26D2C83}.AppStore|Any CPU.Deploy.0 = Release|Any CPU
		{1D01578A-5E53-4503-9EB9-3756D26D2C83}.AppStore|ARM.ActiveCfg = Release|ARM
		{1D01578A-5E53-4503-9EB9-3756D26D2C83}.AppStore|ARM.Build.0 = Release|ARM
		{1D01578A-5E53-4503-9EB9-3756D26D2C83}.AppStore|ARM.Deploy.0 = Release|ARM
		{1D01578A-5E53-4503-9EB9-3756D26D2C83}.AppStore|iPhone.ActiveCfg = Release|Any CPU
		{1D01578A-5E53-4503-9EB9-3756D26D2C83}.AppStore|iPhone.Build.0 = Release|Any CPU
		{1D01578A-5E53-4503-9EB9-3756D26D2C83}.AppStore|iPhone.Deploy.0 = Release|Any CPU
		{1D01578A-5E53-4503-9EB9-3756D26D2C83}.AppStore|iPhoneSimulator.ActiveCfg = Release|Any CPU
		{1D01578A-5E53-4503-9EB9-3756D26D2C83}.AppStore|iPhoneSimulator.Build.0 = Release|Any CPU
		{1D01578A-5E53-4503-9EB9-3756D26D2C83}.AppStore|iPhoneSimulator.Deploy.0 = Release|Any CPU
		{1D01578A-5E53-4503-9EB9-3756D26D2C83}.AppStore|x64.ActiveCfg = Release|Any CPU
		{1D01578A-5E53-4503-9EB9-3756D26D2C83}.AppStore|x64.Build.0 = Release|Any CPU
		{1D01578A-5E53-4503-9EB9-3756D26D2C83}.AppStore|x64.Deploy.0 = Release|Any CPU
		{1D01578A-5E53-4503-9EB9-3756D26D2C83}.AppStore|x86.ActiveCfg = Release|x86
		{1D01578A-5E53-4503-9EB9-3756D26D2C83}.AppStore|x86.Build.0 = Release|x86
		{1D01578A-5E53-4503-9EB9-3756D26D2C83}.AppStore|x86.Deploy.0 = Release|x86
		{1D01578A-5E53-4503-9EB9-3756D26D2C83}.Debug|Any CPU.ActiveCfg = Debug|Any CPU
		{1D01578A-5E53-4503-9EB9-3756D26D2C83}.Debug|Any CPU.Build.0 = Debug|Any CPU
		{1D01578A-5E53-4503-9EB9-3756D26D2C83}.Debug|Any CPU.Deploy.0 = Debug|Any CPU
		{1D01578A-5E53-4503-9EB9-3756D26D2C83}.Debug|ARM.ActiveCfg = Debug|ARM
		{1D01578A-5E53-4503-9EB9-3756D26D2C83}.Debug|ARM.Build.0 = Debug|ARM
		{1D01578A-5E53-4503-9EB9-3756D26D2C83}.Debug|ARM.Deploy.0 = Debug|ARM
		{1D01578A-5E53-4503-9EB9-3756D26D2C83}.Debug|iPhone.ActiveCfg = Debug|Any CPU
		{1D01578A-5E53-4503-9EB9-3756D26D2C83}.Debug|iPhone.Build.0 = Debug|Any CPU
		{1D01578A-5E53-4503-9EB9-3756D26D2C83}.Debug|iPhone.Deploy.0 = Debug|Any CPU
		{1D01578A-5E53-4503-9EB9-3756D26D2C83}.Debug|iPhoneSimulator.ActiveCfg = Debug|Any CPU
		{1D01578A-5E53-4503-9EB9-3756D26D2C83}.Debug|iPhoneSimulator.Build.0 = Debug|Any CPU
		{1D01578A-5E53-4503-9EB9-3756D26D2C83}.Debug|iPhoneSimulator.Deploy.0 = Debug|Any CPU
		{1D01578A-5E53-4503-9EB9-3756D26D2C83}.Debug|x64.ActiveCfg = Debug|Any CPU
		{1D01578A-5E53-4503-9EB9-3756D26D2C83}.Debug|x64.Build.0 = Debug|Any CPU
		{1D01578A-5E53-4503-9EB9-3756D26D2C83}.Debug|x64.Deploy.0 = Debug|Any CPU
		{1D01578A-5E53-4503-9EB9-3756D26D2C83}.Debug|x86.ActiveCfg = Debug|x86
		{1D01578A-5E53-4503-9EB9-3756D26D2C83}.Debug|x86.Build.0 = Debug|x86
		{1D01578A-5E53-4503-9EB9-3756D26D2C83}.Debug|x86.Deploy.0 = Debug|x86
		{1D01578A-5E53-4503-9EB9-3756D26D2C83}.Release|Any CPU.ActiveCfg = Release|Any CPU
		{1D01578A-5E53-4503-9EB9-3756D26D2C83}.Release|Any CPU.Build.0 = Release|Any CPU
		{1D01578A-5E53-4503-9EB9-3756D26D2C83}.Release|Any CPU.Deploy.0 = Release|Any CPU
		{1D01578A-5E53-4503-9EB9-3756D26D2C83}.Release|ARM.ActiveCfg = Release|ARM
		{1D01578A-5E53-4503-9EB9-3756D26D2C83}.Release|ARM.Build.0 = Release|ARM
		{1D01578A-5E53-4503-9EB9-3756D26D2C83}.Release|ARM.Deploy.0 = Release|ARM
		{1D01578A-5E53-4503-9EB9-3756D26D2C83}.Release|iPhone.ActiveCfg = Release|Any CPU
		{1D01578A-5E53-4503-9EB9-3756D26D2C83}.Release|iPhone.Build.0 = Release|Any CPU
		{1D01578A-5E53-4503-9EB9-3756D26D2C83}.Release|iPhone.Deploy.0 = Release|Any CPU
		{1D01578A-5E53-4503-9EB9-3756D26D2C83}.Release|iPhoneSimulator.ActiveCfg = Release|Any CPU
		{1D01578A-5E53-4503-9EB9-3756D26D2C83}.Release|iPhoneSimulator.Build.0 = Release|Any CPU
		{1D01578A-5E53-4503-9EB9-3756D26D2C83}.Release|iPhoneSimulator.Deploy.0 = Release|Any CPU
		{1D01578A-5E53-4503-9EB9-3756D26D2C83}.Release|x64.ActiveCfg = Release|Any CPU
		{1D01578A-5E53-4503-9EB9-3756D26D2C83}.Release|x64.Build.0 = Release|Any CPU
		{1D01578A-5E53-4503-9EB9-3756D26D2C83}.Release|x64.Deploy.0 = Release|Any CPU
		{1D01578A-5E53-4503-9EB9-3756D26D2C83}.Release|x86.ActiveCfg = Release|x86
		{1D01578A-5E53-4503-9EB9-3756D26D2C83}.Release|x86.Build.0 = Release|x86
		{1D01578A-5E53-4503-9EB9-3756D26D2C83}.Release|x86.Deploy.0 = Release|x86
		{20C451FE-1725-43CE-82C1-E1A28986A784}.Ad-Hoc|Any CPU.ActiveCfg = Release|Any CPU
		{20C451FE-1725-43CE-82C1-E1A28986A784}.Ad-Hoc|Any CPU.Build.0 = Release|Any CPU
		{20C451FE-1725-43CE-82C1-E1A28986A784}.Ad-Hoc|Any CPU.Deploy.0 = Release|Any CPU
		{20C451FE-1725-43CE-82C1-E1A28986A784}.Ad-Hoc|ARM.ActiveCfg = Release|ARM
		{20C451FE-1725-43CE-82C1-E1A28986A784}.Ad-Hoc|ARM.Build.0 = Release|ARM
		{20C451FE-1725-43CE-82C1-E1A28986A784}.Ad-Hoc|ARM.Deploy.0 = Release|ARM
		{20C451FE-1725-43CE-82C1-E1A28986A784}.Ad-Hoc|iPhone.ActiveCfg = Release|Any CPU
		{20C451FE-1725-43CE-82C1-E1A28986A784}.Ad-Hoc|iPhone.Build.0 = Release|Any CPU
		{20C451FE-1725-43CE-82C1-E1A28986A784}.Ad-Hoc|iPhone.Deploy.0 = Release|Any CPU
		{20C451FE-1725-43CE-82C1-E1A28986A784}.Ad-Hoc|iPhoneSimulator.ActiveCfg = Release|Any CPU
		{20C451FE-1725-43CE-82C1-E1A28986A784}.Ad-Hoc|iPhoneSimulator.Build.0 = Release|Any CPU
		{20C451FE-1725-43CE-82C1-E1A28986A784}.Ad-Hoc|iPhoneSimulator.Deploy.0 = Release|Any CPU
		{20C451FE-1725-43CE-82C1-E1A28986A784}.Ad-Hoc|x64.ActiveCfg = Release|x64
		{20C451FE-1725-43CE-82C1-E1A28986A784}.Ad-Hoc|x64.Build.0 = Release|x64
		{20C451FE-1725-43CE-82C1-E1A28986A784}.Ad-Hoc|x64.Deploy.0 = Release|x64
		{20C451FE-1725-43CE-82C1-E1A28986A784}.Ad-Hoc|x86.ActiveCfg = Release|x86
		{20C451FE-1725-43CE-82C1-E1A28986A784}.Ad-Hoc|x86.Build.0 = Release|x86
		{20C451FE-1725-43CE-82C1-E1A28986A784}.Ad-Hoc|x86.Deploy.0 = Release|x86
		{20C451FE-1725-43CE-82C1-E1A28986A784}.AppStore|Any CPU.ActiveCfg = Release|Any CPU
		{20C451FE-1725-43CE-82C1-E1A28986A784}.AppStore|Any CPU.Build.0 = Release|Any CPU
		{20C451FE-1725-43CE-82C1-E1A28986A784}.AppStore|Any CPU.Deploy.0 = Release|Any CPU
		{20C451FE-1725-43CE-82C1-E1A28986A784}.AppStore|ARM.ActiveCfg = Release|ARM
		{20C451FE-1725-43CE-82C1-E1A28986A784}.AppStore|ARM.Build.0 = Release|ARM
		{20C451FE-1725-43CE-82C1-E1A28986A784}.AppStore|ARM.Deploy.0 = Release|ARM
		{20C451FE-1725-43CE-82C1-E1A28986A784}.AppStore|iPhone.ActiveCfg = Release|Any CPU
		{20C451FE-1725-43CE-82C1-E1A28986A784}.AppStore|iPhone.Build.0 = Release|Any CPU
		{20C451FE-1725-43CE-82C1-E1A28986A784}.AppStore|iPhone.Deploy.0 = Release|Any CPU
		{20C451FE-1725-43CE-82C1-E1A28986A784}.AppStore|iPhoneSimulator.ActiveCfg = Release|Any CPU
		{20C451FE-1725-43CE-82C1-E1A28986A784}.AppStore|iPhoneSimulator.Build.0 = Release|Any CPU
		{20C451FE-1725-43CE-82C1-E1A28986A784}.AppStore|iPhoneSimulator.Deploy.0 = Release|Any CPU
		{20C451FE-1725-43CE-82C1-E1A28986A784}.AppStore|x64.ActiveCfg = Release|x64
		{20C451FE-1725-43CE-82C1-E1A28986A784}.AppStore|x64.Build.0 = Release|x64
		{20C451FE-1725-43CE-82C1-E1A28986A784}.AppStore|x64.Deploy.0 = Release|x64
		{20C451FE-1725-43CE-82C1-E1A28986A784}.AppStore|x86.ActiveCfg = Release|x86
		{20C451FE-1725-43CE-82C1-E1A28986A784}.AppStore|x86.Build.0 = Release|x86
		{20C451FE-1725-43CE-82C1-E1A28986A784}.AppStore|x86.Deploy.0 = Release|x86
		{20C451FE-1725-43CE-82C1-E1A28986A784}.Debug|Any CPU.ActiveCfg = Debug|Any CPU
		{20C451FE-1725-43CE-82C1-E1A28986A784}.Debug|Any CPU.Build.0 = Debug|Any CPU
		{20C451FE-1725-43CE-82C1-E1A28986A784}.Debug|Any CPU.Deploy.0 = Debug|Any CPU
		{20C451FE-1725-43CE-82C1-E1A28986A784}.Debug|ARM.ActiveCfg = Debug|ARM
		{20C451FE-1725-43CE-82C1-E1A28986A784}.Debug|ARM.Build.0 = Debug|ARM
		{20C451FE-1725-43CE-82C1-E1A28986A784}.Debug|ARM.Deploy.0 = Debug|ARM
		{20C451FE-1725-43CE-82C1-E1A28986A784}.Debug|iPhone.ActiveCfg = Debug|Any CPU
		{20C451FE-1725-43CE-82C1-E1A28986A784}.Debug|iPhone.Build.0 = Debug|Any CPU
		{20C451FE-1725-43CE-82C1-E1A28986A784}.Debug|iPhone.Deploy.0 = Debug|Any CPU
		{20C451FE-1725-43CE-82C1-E1A28986A784}.Debug|iPhoneSimulator.ActiveCfg = Debug|Any CPU
		{20C451FE-1725-43CE-82C1-E1A28986A784}.Debug|iPhoneSimulator.Build.0 = Debug|Any CPU
		{20C451FE-1725-43CE-82C1-E1A28986A784}.Debug|iPhoneSimulator.Deploy.0 = Debug|Any CPU
		{20C451FE-1725-43CE-82C1-E1A28986A784}.Debug|x64.ActiveCfg = Debug|x64
		{20C451FE-1725-43CE-82C1-E1A28986A784}.Debug|x64.Build.0 = Debug|x64
		{20C451FE-1725-43CE-82C1-E1A28986A784}.Debug|x64.Deploy.0 = Debug|x64
		{20C451FE-1725-43CE-82C1-E1A28986A784}.Debug|x86.ActiveCfg = Debug|x86
		{20C451FE-1725-43CE-82C1-E1A28986A784}.Debug|x86.Build.0 = Debug|x86
		{20C451FE-1725-43CE-82C1-E1A28986A784}.Debug|x86.Deploy.0 = Debug|x86
		{20C451FE-1725-43CE-82C1-E1A28986A784}.Release|Any CPU.ActiveCfg = Release|Any CPU
		{20C451FE-1725-43CE-82C1-E1A28986A784}.Release|Any CPU.Build.0 = Release|Any CPU
		{20C451FE-1725-43CE-82C1-E1A28986A784}.Release|Any CPU.Deploy.0 = Release|Any CPU
		{20C451FE-1725-43CE-82C1-E1A28986A784}.Release|ARM.ActiveCfg = Release|ARM
		{20C451FE-1725-43CE-82C1-E1A28986A784}.Release|ARM.Build.0 = Release|ARM
		{20C451FE-1725-43CE-82C1-E1A28986A784}.Release|ARM.Deploy.0 = Release|ARM
		{20C451FE-1725-43CE-82C1-E1A28986A784}.Release|iPhone.ActiveCfg = Release|Any CPU
		{20C451FE-1725-43CE-82C1-E1A28986A784}.Release|iPhone.Build.0 = Release|Any CPU
		{20C451FE-1725-43CE-82C1-E1A28986A784}.Release|iPhone.Deploy.0 = Release|Any CPU
		{20C451FE-1725-43CE-82C1-E1A28986A784}.Release|iPhoneSimulator.ActiveCfg = Release|Any CPU
		{20C451FE-1725-43CE-82C1-E1A28986A784}.Release|iPhoneSimulator.Build.0 = Release|Any CPU
		{20C451FE-1725-43CE-82C1-E1A28986A784}.Release|iPhoneSimulator.Deploy.0 = Release|Any CPU
		{20C451FE-1725-43CE-82C1-E1A28986A784}.Release|x64.ActiveCfg = Release|x64
		{20C451FE-1725-43CE-82C1-E1A28986A784}.Release|x64.Build.0 = Release|x64
		{20C451FE-1725-43CE-82C1-E1A28986A784}.Release|x64.Deploy.0 = Release|x64
		{20C451FE-1725-43CE-82C1-E1A28986A784}.Release|x86.ActiveCfg = Release|x86
		{20C451FE-1725-43CE-82C1-E1A28986A784}.Release|x86.Build.0 = Release|x86
		{20C451FE-1725-43CE-82C1-E1A28986A784}.Release|x86.Deploy.0 = Release|x86
		{FC1AD343-6099-498E-A383-070EDC5FF060}.Ad-Hoc|Any CPU.ActiveCfg = Release|Any CPU
		{FC1AD343-6099-498E-A383-070EDC5FF060}.Ad-Hoc|Any CPU.Build.0 = Release|Any CPU
		{FC1AD343-6099-498E-A383-070EDC5FF060}.Ad-Hoc|ARM.ActiveCfg = Release|Any CPU
		{FC1AD343-6099-498E-A383-070EDC5FF060}.Ad-Hoc|ARM.Build.0 = Release|Any CPU
		{FC1AD343-6099-498E-A383-070EDC5FF060}.Ad-Hoc|iPhone.ActiveCfg = Release|Any CPU
		{FC1AD343-6099-498E-A383-070EDC5FF060}.Ad-Hoc|iPhone.Build.0 = Release|Any CPU
		{FC1AD343-6099-498E-A383-070EDC5FF060}.Ad-Hoc|iPhoneSimulator.ActiveCfg = Release|Any CPU
		{FC1AD343-6099-498E-A383-070EDC5FF060}.Ad-Hoc|iPhoneSimulator.Build.0 = Release|Any CPU
		{FC1AD343-6099-498E-A383-070EDC5FF060}.Ad-Hoc|x64.ActiveCfg = Release|Any CPU
		{FC1AD343-6099-498E-A383-070EDC5FF060}.Ad-Hoc|x64.Build.0 = Release|Any CPU
		{FC1AD343-6099-498E-A383-070EDC5FF060}.Ad-Hoc|x86.ActiveCfg = Release|Any CPU
		{FC1AD343-6099-498E-A383-070EDC5FF060}.Ad-Hoc|x86.Build.0 = Release|Any CPU
		{FC1AD343-6099-498E-A383-070EDC5FF060}.AppStore|Any CPU.ActiveCfg = Release|Any CPU
		{FC1AD343-6099-498E-A383-070EDC5FF060}.AppStore|Any CPU.Build.0 = Release|Any CPU
		{FC1AD343-6099-498E-A383-070EDC5FF060}.AppStore|ARM.ActiveCfg = Release|Any CPU
		{FC1AD343-6099-498E-A383-070EDC5FF060}.AppStore|ARM.Build.0 = Release|Any CPU
		{FC1AD343-6099-498E-A383-070EDC5FF060}.AppStore|iPhone.ActiveCfg = Release|Any CPU
		{FC1AD343-6099-498E-A383-070EDC5FF060}.AppStore|iPhone.Build.0 = Release|Any CPU
		{FC1AD343-6099-498E-A383-070EDC5FF060}.AppStore|iPhoneSimulator.ActiveCfg = Release|Any CPU
		{FC1AD343-6099-498E-A383-070EDC5FF060}.AppStore|iPhoneSimulator.Build.0 = Release|Any CPU
		{FC1AD343-6099-498E-A383-070EDC5FF060}.AppStore|x64.ActiveCfg = Release|Any CPU
		{FC1AD343-6099-498E-A383-070EDC5FF060}.AppStore|x64.Build.0 = Release|Any CPU
		{FC1AD343-6099-498E-A383-070EDC5FF060}.AppStore|x86.ActiveCfg = Release|Any CPU
		{FC1AD343-6099-498E-A383-070EDC5FF060}.AppStore|x86.Build.0 = Release|Any CPU
		{FC1AD343-6099-498E-A383-070EDC5FF060}.Debug|Any CPU.ActiveCfg = Debug|Any CPU
		{FC1AD343-6099-498E-A383-070EDC5FF060}.Debug|Any CPU.Build.0 = Debug|Any CPU
		{FC1AD343-6099-498E-A383-070EDC5FF060}.Debug|ARM.ActiveCfg = Debug|Any CPU
		{FC1AD343-6099-498E-A383-070EDC5FF060}.Debug|ARM.Build.0 = Debug|Any CPU
		{FC1AD343-6099-498E-A383-070EDC5FF060}.Debug|iPhone.ActiveCfg = Debug|Any CPU
		{FC1AD343-6099-498E-A383-070EDC5FF060}.Debug|iPhone.Build.0 = Debug|Any CPU
		{FC1AD343-6099-498E-A383-070EDC5FF060}.Debug|iPhoneSimulator.ActiveCfg = Debug|Any CPU
		{FC1AD343-6099-498E-A383-070EDC5FF060}.Debug|iPhoneSimulator.Build.0 = Debug|Any CPU
		{FC1AD343-6099-498E-A383-070EDC5FF060}.Debug|x64.ActiveCfg = Debug|Any CPU
		{FC1AD343-6099-498E-A383-070EDC5FF060}.Debug|x64.Build.0 = Debug|Any CPU
		{FC1AD343-6099-498E-A383-070EDC5FF060}.Debug|x86.ActiveCfg = Debug|Any CPU
		{FC1AD343-6099-498E-A383-070EDC5FF060}.Debug|x86.Build.0 = Debug|Any CPU
		{FC1AD343-6099-498E-A383-070EDC5FF060}.Release|Any CPU.ActiveCfg = Release|Any CPU
		{FC1AD343-6099-498E-A383-070EDC5FF060}.Release|Any CPU.Build.0 = Release|Any CPU
		{FC1AD343-6099-498E-A383-070EDC5FF060}.Release|ARM.ActiveCfg = Release|Any CPU
		{FC1AD343-6099-498E-A383-070EDC5FF060}.Release|ARM.Build.0 = Release|Any CPU
		{FC1AD343-6099-498E-A383-070EDC5FF060}.Release|iPhone.ActiveCfg = Release|Any CPU
		{FC1AD343-6099-498E-A383-070EDC5FF060}.Release|iPhone.Build.0 = Release|Any CPU
		{FC1AD343-6099-498E-A383-070EDC5FF060}.Release|iPhoneSimulator.ActiveCfg = Release|Any CPU
		{FC1AD343-6099-498E-A383-070EDC5FF060}.Release|iPhoneSimulator.Build.0 = Release|Any CPU
		{FC1AD343-6099-498E-A383-070EDC5FF060}.Release|x64.ActiveCfg = Release|Any CPU
		{FC1AD343-6099-498E-A383-070EDC5FF060}.Release|x64.Build.0 = Release|Any CPU
		{FC1AD343-6099-498E-A383-070EDC5FF060}.Release|x86.ActiveCfg = Release|Any CPU
		{FC1AD343-6099-498E-A383-070EDC5FF060}.Release|x86.Build.0 = Release|Any CPU
	EndGlobalSection
	GlobalSection(SolutionProperties) = preSolution
		HideSolutionNode = FALSE
	EndGlobalSection
EndGlobal
